
Microsoft Visual Studio Solution File, Format Version 12.00
# Visual Studio Version 17
VisualStudioVersion = 17.7.34202.233
MinimumVisualStudioVersion = 10.0.40219.1
Project("{2150E333-8FDC-42A3-9474-1A3956D46DE8}") = "Task0", "Task0", "{BCEBA572-A690-4C31-AA31-86BDBCA7AD24}"
EndProject
Project("{2150E333-8FDC-42A3-9474-1A3956D46DE8}") = "Task1", "Task1", "{A55CD53A-ED76-4054-837A-350C32E17BE6}"
EndProject
Project("{2150E333-8FDC-42A3-9474-1A3956D46DE8}") = "Task2", "Task2", "{55FE7448-F77E-475C-91D9-C7A3A10183E3}"
EndProject
Project("{2150E333-8FDC-42A3-9474-1A3956D46DE8}") = "Task3", "Task3", "{5867ABA9-4F14-497B-B93C-362A9BB1BD8F}"
EndProject
Project("{FAE04EC0-301F-11D3-BF4B-00C04F79EFBC}") = "Tyuiu.ShayahmetovRR.Sprint4.Task0.V16", "Tyuiu.ShayahmetovRR.Sprint4.Task0.V16\Tyuiu.ShayahmetovRR.Sprint4.Task0.V16.csproj", "{81FEB6D0-82F0-4856-9B76-9A15D2CFADB7}"
EndProject
Project("{FAE04EC0-301F-11D3-BF4B-00C04F79EFBC}") = "Tyuiu.ShayahmetovRR.Sprint4.Task0.V16.Lib", "Tyuiu.ShayahmetovRR.Sprint4.Task0.V16.Lib\Tyuiu.ShayahmetovRR.Sprint4.Task0.V16.Lib.csproj", "{38A88E59-E801-40E2-BAEE-0764FBB54D6D}"
EndProject
Project("{FAE04EC0-301F-11D3-BF4B-00C04F79EFBC}") = "Tyuiu.ShayahmetovRR.Sprint4.Task0.V16.Test", "Tyuiu.ShayahmetovRR.Sprint4.Task0.V16.Test\Tyuiu.ShayahmetovRR.Sprint4.Task0.V16.Test.csproj", "{0807C607-2F8F-428F-B55E-5DFC3E38C271}"
EndProject
Project("{FAE04EC0-301F-11D3-BF4B-00C04F79EFBC}") = "Tyuiu.ShayahmetovRR.Sprint4.Task1.V9", "Tyuiu.ShayahmetovRR.Sprint4.Task1.V9\Tyuiu.ShayahmetovRR.Sprint4.Task1.V9.csproj", "{D5E402E6-EF60-4D8C-A5FC-17863593B3F8}"
EndProject
Project("{FAE04EC0-301F-11D3-BF4B-00C04F79EFBC}") = "Tyuiu.ShayahmetovRR.Sprint4.Task1.V9.Lib", "Tyuiu.ShayahmetovRR.Sprint4.Task1.V9.Lib\Tyuiu.ShayahmetovRR.Sprint4.Task1.V9.Lib.csproj", "{380B1697-6DC8-4688-BC67-3AC11BC09D4A}"
EndProject
Project("{FAE04EC0-301F-11D3-BF4B-00C04F79EFBC}") = "Tyuiu.ShayahmetovRR.Sprint4.Task1.V9.Test", "Tyuiu.ShayahmetovRR.Sprint4.Task1.V9.Test\Tyuiu.ShayahmetovRR.Sprint4.Task1.V9.Test.csproj", "{1E7B7A83-1FE1-4297-BCA2-550C53C47EAF}"
EndProject
Project("{FAE04EC0-301F-11D3-BF4B-00C04F79EFBC}") = "Tyuiu.ShayahmetovRR.Sprint4.Task2.V11", "Tyuiu.ShayahmetovRR.Sprint4.Task2.V11\Tyuiu.ShayahmetovRR.Sprint4.Task2.V11.csproj", "{845BB2BB-5778-4FFA-85AB-979044663453}"
EndProject
Project("{FAE04EC0-301F-11D3-BF4B-00C04F79EFBC}") = "Tyuiu.ShayahmetovRR.Sprint4.Task2.V11.Lib", "Tyuiu.ShayahmetovRR.Sprint4.Task2.V11.Lib\Tyuiu.ShayahmetovRR.Sprint4.Task2.V11.Lib.csproj", "{F4691633-F12F-46FA-AEDC-1EBC151FF683}"
EndProject
Project("{FAE04EC0-301F-11D3-BF4B-00C04F79EFBC}") = "Tyuiu.ShayahmetovRR.Sprint4.Task2.V11.Test", "Tyuiu.ShayahmetovRR.Sprint4.Task2.V11.Test\Tyuiu.ShayahmetovRR.Sprint4.Task2.V11.Test.csproj", "{98E85538-74B1-454B-8DD6-674F0F51F34B}"
EndProject
Project("{FAE04EC0-301F-11D3-BF4B-00C04F79EFBC}") = "Tyuiu.ShayahmetovRR.Sprint4.Task3.V25", "Tyuiu.ShayahmetovRR.Sprint4.Task3.V25\Tyuiu.ShayahmetovRR.Sprint4.Task3.V25.csproj", "{0DAAF303-247B-4A37-88D3-258C7360E944}"
EndProject
Project("{FAE04EC0-301F-11D3-BF4B-00C04F79EFBC}") = "Tyuiu.ShayahmetovRR.Sprint4.Task3.V25.Lib", "Tyuiu.ShayahmetovRR.Sprint4.Task3.V25.Lib\Tyuiu.ShayahmetovRR.Sprint4.Task3.V25.Lib.csproj", "{3E30D961-AFBA-4A8E-8C9C-74044A4166FE}"
EndProject
Project("{FAE04EC0-301F-11D3-BF4B-00C04F79EFBC}") = "Tyuiu.ShayahmetovRR.Sprint4.Task3.V25.Test", "Tyuiu.ShayahmetovRR.Sprint4.Task3.V25.Test\Tyuiu.ShayahmetovRR.Sprint4.Task3.V25.Test.csproj", "{A9579C7A-8CCD-4A6B-A0C3-77B855962853}"
EndProject
Global
	GlobalSection(SolutionConfigurationPlatforms) = preSolution
		Debug|Any CPU = Debug|Any CPU
		Release|Any CPU = Release|Any CPU
	EndGlobalSection
	GlobalSection(ProjectConfigurationPlatforms) = postSolution
		{81FEB6D0-82F0-4856-9B76-9A15D2CFADB7}.Debug|Any CPU.ActiveCfg = Debug|Any CPU
		{81FEB6D0-82F0-4856-9B76-9A15D2CFADB7}.Debug|Any CPU.Build.0 = Debug|Any CPU
		{81FEB6D0-82F0-4856-9B76-9A15D2CFADB7}.Release|Any CPU.ActiveCfg = Release|Any CPU
		{81FEB6D0-82F0-4856-9B76-9A15D2CFADB7}.Release|Any CPU.Build.0 = Release|Any CPU
		{38A88E59-E801-40E2-BAEE-0764FBB54D6D}.Debug|Any CPU.ActiveCfg = Debug|Any CPU
		{38A88E59-E801-40E2-BAEE-0764FBB54D6D}.Debug|Any CPU.Build.0 = Debug|Any CPU
		{38A88E59-E801-40E2-BAEE-0764FBB54D6D}.Release|Any CPU.ActiveCfg = Release|Any CPU
		{38A88E59-E801-40E2-BAEE-0764FBB54D6D}.Release|Any CPU.Build.0 = Release|Any CPU
		{0807C607-2F8F-428F-B55E-5DFC3E38C271}.Debug|Any CPU.ActiveCfg = Debug|Any CPU
		{0807C607-2F8F-428F-B55E-5DFC3E38C271}.Debug|Any CPU.Build.0 = Debug|Any CPU
		{0807C607-2F8F-428F-B55E-5DFC3E38C271}.Release|Any CPU.ActiveCfg = Release|Any CPU
		{0807C607-2F8F-428F-B55E-5DFC3E38C271}.Release|Any CPU.Build.0 = Release|Any CPU
		{D5E402E6-EF60-4D8C-A5FC-17863593B3F8}.Debug|Any CPU.ActiveCfg = Debug|Any CPU
		{D5E402E6-EF60-4D8C-A5FC-17863593B3F8}.Debug|Any CPU.Build.0 = Debug|Any CPU
		{D5E402E6-EF60-4D8C-A5FC-17863593B3F8}.Release|Any CPU.ActiveCfg = Release|Any CPU
		{D5E402E6-EF60-4D8C-A5FC-17863593B3F8}.Release|Any CPU.Build.0 = Release|Any CPU
		{380B1697-6DC8-4688-BC67-3AC11BC09D4A}.Debug|Any CPU.ActiveCfg = Debug|Any CPU
		{380B1697-6DC8-4688-BC67-3AC11BC09D4A}.Debug|Any CPU.Build.0 = Debug|Any CPU
		{380B1697-6DC8-4688-BC67-3AC11BC09D4A}.Release|Any CPU.ActiveCfg = Release|Any CPU
		{380B1697-6DC8-4688-BC67-3AC11BC09D4A}.Release|Any CPU.Build.0 = Release|Any CPU
		{1E7B7A83-1FE1-4297-BCA2-550C53C47EAF}.Debug|Any CPU.ActiveCfg = Debug|Any CPU
		{1E7B7A83-1FE1-4297-BCA2-550C53C47EAF}.Debug|Any CPU.Build.0 = Debug|Any CPU
		{1E7B7A83-1FE1-4297-BCA2-550C53C47EAF}.Release|Any CPU.ActiveCfg = Release|Any CPU
		{1E7B7A83-1FE1-4297-BCA2-550C53C47EAF}.Release|Any CPU.Build.0 = Release|Any CPU
		{845BB2BB-5778-4FFA-85AB-979044663453}.Debug|Any CPU.ActiveCfg = Debug|Any CPU
		{845BB2BB-5778-4FFA-85AB-979044663453}.Debug|Any CPU.Build.0 = Debug|Any CPU
		{845BB2BB-5778-4FFA-85AB-979044663453}.Release|Any CPU.ActiveCfg = Release|Any CPU
		{845BB2BB-5778-4FFA-85AB-979044663453}.Release|Any CPU.Build.0 = Release|Any CPU
		{F4691633-F12F-46FA-AEDC-1EBC151FF683}.Debug|Any CPU.ActiveCfg = Debug|Any CPU
		{F4691633-F12F-46FA-AEDC-1EBC151FF683}.Debug|Any CPU.Build.0 = Debug|Any CPU
		{F4691633-F12F-46FA-AEDC-1EBC151FF683}.Release|Any CPU.ActiveCfg = Release|Any CPU
		{F4691633-F12F-46FA-AEDC-1EBC151FF683}.Release|Any CPU.Build.0 = Release|Any CPU
		{98E85538-74B1-454B-8DD6-674F0F51F34B}.Debug|Any CPU.ActiveCfg = Debug|Any CPU
		{98E85538-74B1-454B-8DD6-674F0F51F34B}.Debug|Any CPU.Build.0 = Debug|Any CPU
		{98E85538-74B1-454B-8DD6-674F0F51F34B}.Release|Any CPU.ActiveCfg = Release|Any CPU
		{98E85538-74B1-454B-8DD6-674F0F51F34B}.Release|Any CPU.Build.0 = Release|Any CPU
		{0DAAF303-247B-4A37-88D3-258C7360E944}.Debug|Any CPU.ActiveCfg = Debug|Any CPU
		{0DAAF303-247B-4A37-88D3-258C7360E944}.Debug|Any CPU.Build.0 = Debug|Any CPU
		{0DAAF303-247B-4A37-88D3-258C7360E944}.Release|Any CPU.ActiveCfg = Release|Any CPU
		{0DAAF303-247B-4A37-88D3-258C7360E944}.Release|Any CPU.Build.0 = Release|Any CPU
		{3E30D961-AFBA-4A8E-8C9C-74044A4166FE}.Debug|Any CPU.ActiveCfg = Debug|Any CPU
		{3E30D961-AFBA-4A8E-8C9C-74044A4166FE}.Debug|Any CPU.Build.0 = Debug|Any CPU
		{3E30D961-AFBA-4A8E-8C9C-74044A4166FE}.Release|Any CPU.ActiveCfg = Release|Any CPU
		{3E30D961-AFBA-4A8E-8C9C-74044A4166FE}.Release|Any CPU.Build.0 = Release|Any CPU
		{A9579C7A-8CCD-4A6B-A0C3-77B855962853}.Debug|Any CPU.ActiveCfg = Debug|Any CPU
		{A9579C7A-8CCD-4A6B-A0C3-77B855962853}.Debug|Any CPU.Build.0 = Debug|Any CPU
		{A9579C7A-8CCD-4A6B-A0C3-77B855962853}.Release|Any CPU.ActiveCfg = Release|Any CPU
		{A9579C7A-8CCD-4A6B-A0C3-77B855962853}.Release|Any CPU.Build.0 = Release|Any CPU
	EndGlobalSection
	GlobalSection(SolutionProperties) = preSolution
		HideSolutionNode = FALSE
	EndGlobalSection
	GlobalSection(NestedProjects) = preSolution
		{81FEB6D0-82F0-4856-9B76-9A15D2CFADB7} = {BCEBA572-A690-4C31-AA31-86BDBCA7AD24}
		{38A88E59-E801-40E2-BAEE-0764FBB54D6D} = {BCEBA572-A690-4C31-AA31-86BDBCA7AD24}
		{0807C607-2F8F-428F-B55E-5DFC3E38C271} = {BCEBA572-A690-4C31-AA31-86BDBCA7AD24}
		{D5E402E6-EF60-4D8C-A5FC-17863593B3F8} = {A55CD53A-ED76-4054-837A-350C32E17BE6}
		{380B1697-6DC8-4688-BC67-3AC11BC09D4A} = {A55CD53A-ED76-4054-837A-350C32E17BE6}
		{1E7B7A83-1FE1-4297-BCA2-550C53C47EAF} = {A55CD53A-ED76-4054-837A-350C32E17BE6}
		{845BB2BB-5778-4FFA-85AB-979044663453} = {55FE7448-F77E-475C-91D9-C7A3A10183E3}
		{F4691633-F12F-46FA-AEDC-1EBC151FF683} = {55FE7448-F77E-475C-91D9-C7A3A10183E3}
		{98E85538-74B1-454B-8DD6-674F0F51F34B} = {55FE7448-F77E-475C-91D9-C7A3A10183E3}
		{0DAAF303-247B-4A37-88D3-258C7360E944} = {5867ABA9-4F14-497B-B93C-362A9BB1BD8F}
		{3E30D961-AFBA-4A8E-8C9C-74044A4166FE} = {5867ABA9-4F14-497B-B93C-362A9BB1BD8F}
		{A9579C7A-8CCD-4A6B-A0C3-77B855962853} = {5867ABA9-4F14-497B-B93C-362A9BB1BD8F}
	EndGlobalSection
	GlobalSection(ExtensibilityGlobals) = postSolution
		SolutionGuid = {4BB4E76F-9E9B-418F-A5A3-82D215A106D5}
	EndGlobalSection
EndGlobal
